
Microsoft Visual Studio Solution File, Format Version 12.00
# Visual Studio Version 16
VisualStudioVersion = 16.0.32106.194
MinimumVisualStudioVersion = 10.0.40219.1
Project("{FAE04EC0-301F-11D3-BF4B-00C04F79EFBC}") = "PZ_3", "PZ_3.csproj", "{13A00F0D-C68C-4B68-B4A4-544E0FECE621}"
EndProject
Global
	GlobalSection(SolutionConfigurationPlatforms) = preSolution
		Debug|Any CPU = Debug|Any CPU
		Release|Any CPU = Release|Any CPU
	EndGlobalSection
	GlobalSection(ProjectConfigurationPlatforms) = postSolution
		{13A00F0D-C68C-4B68-B4A4-544E0FECE621}.Debug|Any CPU.ActiveCfg = Debug|Any CPU
		{13A00F0D-C68C-4B68-B4A4-544E0FECE621}.Debug|Any CPU.Build.0 = Debug|Any CPU
		{13A00F0D-C68C-4B68-B4A4-544E0FECE621}.Release|Any CPU.ActiveCfg = Release|Any CPU
		{13A00F0D-C68C-4B68-B4A4-544E0FECE621}.Release|Any CPU.Build.0 = Release|Any CPU
	EndGlobalSection
	GlobalSection(SolutionProperties) = preSolution
		HideSolutionNode = FALSE
	EndGlobalSection
	GlobalSection(ExtensibilityGlobals) = postSolution
		SolutionGuid = {7FFF6718-F451-4D94-8577-574698A60EF4}
	EndGlobalSection
EndGlobal
